// !$*UTF8*$!
{
	archiveVersion = 1;
	classes = {
	};
	objectVersion = 55;
	objects = {

/* Begin PBXBuildFile section */
		AD059A56275BEB9D007126E7 /* Algorithms in Frameworks */ = {isa = PBXBuildFile; productRef = AD059A55275BEB9D007126E7 /* Algorithms */; };
		AD319175275EBA47002BE037 /* getInput.swift in Sources */ = {isa = PBXBuildFile; fileRef = AD319174275EBA47002BE037 /* getInput.swift */; };
		AD99B15F27C550E500FF9F29 /* main.swift in Sources */ = {isa = PBXBuildFile; fileRef = AD99B15E27C550E500FF9F29 /* main.swift */; };
		ADAF6201275B802E0027F73C /* String+subscript.swift in Sources */ = {isa = PBXBuildFile; fileRef = ADAF6200275B802E0027F73C /* String+subscript.swift */; };
		ADAF6203275B80E20027F73C /* matrix.swift in Sources */ = {isa = PBXBuildFile; fileRef = ADAF6202275B80E20027F73C /* matrix.swift */; };
/* End PBXBuildFile section */

/* Begin PBXCopyFilesBuildPhase section */
		ADAF61E02756D3F20027F73C /* CopyFiles */ = {
			isa = PBXCopyFilesBuildPhase;
			buildActionMask = 2147483647;
			dstPath = /usr/share/man/man1/;
			dstSubfolderSpec = 0;
			files = (
			);
			runOnlyForDeploymentPostprocessing = 1;
		};
/* End PBXCopyFilesBuildPhase section */

/* Begin PBXFileReference section */
		AD059A5F275C09E3007126E7 /* main.swift */ = {isa = PBXFileReference; lastKnownFileType = sourcecode.swift; path = main.swift; sourceTree = "<group>"; };
		AD059A61275C09E9007126E7 /* input.swift */ = {isa = PBXFileReference; lastKnownFileType = sourcecode.swift; path = input.swift; sourceTree = "<group>"; };
		AD0EE19B275D5BDD00744729 /* main.swift */ = {isa = PBXFileReference; lastKnownFileType = sourcecode.swift; path = main.swift; sourceTree = "<group>"; };
		AD319170275EB6BB002BE037 /* main.swift */ = {isa = PBXFileReference; lastKnownFileType = sourcecode.swift; path = main.swift; sourceTree = "<group>"; };
		AD319173275EB6E5002BE037 /* input.txt */ = {isa = PBXFileReference; lastKnownFileType = text; path = input.txt; sourceTree = "<group>"; };
		AD319174275EBA47002BE037 /* getInput.swift */ = {isa = PBXFileReference; lastKnownFileType = sourcecode.swift; path = getInput.swift; sourceTree = "<group>"; };
		AD319176275EBD37002BE037 /* sample.txt */ = {isa = PBXFileReference; lastKnownFileType = text; path = sample.txt; sourceTree = "<group>"; };
		AD3191782761D41C002BE037 /* main.swift */ = {isa = PBXFileReference; lastKnownFileType = sourcecode.swift; path = main.swift; sourceTree = "<group>"; };
		AD31917A2761D43D002BE037 /* sample.txt */ = {isa = PBXFileReference; lastKnownFileType = text; path = sample.txt; sourceTree = "<group>"; };
		AD31917B2761D734002BE037 /* input.txt */ = {isa = PBXFileReference; lastKnownFileType = text; path = input.txt; sourceTree = "<group>"; };
		AD99B15E27C550E500FF9F29 /* main.swift */ = {isa = PBXFileReference; lastKnownFileType = sourcecode.swift; path = main.swift; sourceTree = "<group>"; };
		ADAF61E22756D3F20027F73C /* AdventOfCode2021 */ = {isa = PBXFileReference; explicitFileType = "compiled.mach-o.executable"; includeInIndex = 0; path = AdventOfCode2021; sourceTree = BUILT_PRODUCTS_DIR; };
		ADAF61E52756D3F20027F73C /* main.swift */ = {isa = PBXFileReference; lastKnownFileType = sourcecode.swift; path = main.swift; sourceTree = "<group>"; };
		ADAF61ED2756D4940027F73C /* input.swift */ = {isa = PBXFileReference; lastKnownFileType = sourcecode.swift; path = input.swift; sourceTree = "<group>"; };
		ADAF61F12758A8A90027F73C /* main.swift */ = {isa = PBXFileReference; lastKnownFileType = sourcecode.swift; path = main.swift; sourceTree = "<group>"; };
		ADAF61F32758A8C80027F73C /* input.swift */ = {isa = PBXFileReference; lastKnownFileType = sourcecode.swift; path = input.swift; sourceTree = "<group>"; };
		ADAF61F62759616D0027F73C /* main.swift */ = {isa = PBXFileReference; lastKnownFileType = sourcecode.swift; path = main.swift; sourceTree = "<group>"; };
		ADAF61F8275961730027F73C /* input.swift */ = {isa = PBXFileReference; lastKnownFileType = sourcecode.swift; path = input.swift; sourceTree = "<group>"; };
		ADAF61FB275B7BB80027F73C /* main.swift */ = {isa = PBXFileReference; lastKnownFileType = sourcecode.swift; path = main.swift; sourceTree = "<group>"; };
		ADAF61FD275B7BBF0027F73C /* input.swift */ = {isa = PBXFileReference; lastKnownFileType = sourcecode.swift; path = input.swift; sourceTree = "<group>"; };
		ADAF6200275B802E0027F73C /* String+subscript.swift */ = {isa = PBXFileReference; lastKnownFileType = sourcecode.swift; path = "String+subscript.swift"; sourceTree = "<group>"; };
		ADAF6202275B80E20027F73C /* matrix.swift */ = {isa = PBXFileReference; lastKnownFileType = sourcecode.swift; path = matrix.swift; sourceTree = "<group>"; };
/* End PBXFileReference section */

/* Begin PBXFrameworksBuildPhase section */
		ADAF61DF2756D3F20027F73C /* Frameworks */ = {
			isa = PBXFrameworksBuildPhase;
			buildActionMask = 2147483647;
			files = (
				AD059A56275BEB9D007126E7 /* Algorithms in Frameworks */,
			);
			runOnlyForDeploymentPostprocessing = 0;
		};
/* End PBXFrameworksBuildPhase section */

/* Begin PBXGroup section */
		AD059A5E275C09D7007126E7 /* Day5 */ = {
			isa = PBXGroup;
			children = (
				AD059A5F275C09E3007126E7 /* main.swift */,
				AD059A61275C09E9007126E7 /* input.swift */,
			);
			path = Day5;
			sourceTree = "<group>";
		};
		AD0EE19A275D5BD400744729 /* Day6 */ = {
			isa = PBXGroup;
			children = (
				AD0EE19B275D5BDD00744729 /* main.swift */,
			);
			path = Day6;
			sourceTree = "<group>";
		};
		AD319172275EB6BF002BE037 /* Day7 */ = {
			isa = PBXGroup;
			children = (
				AD319170275EB6BB002BE037 /* main.swift */,
				AD319173275EB6E5002BE037 /* input.txt */,
				AD319176275EBD37002BE037 /* sample.txt */,
			);
			path = Day7;
			sourceTree = "<group>";
		};
		AD3191772761D40F002BE037 /* Day9 */ = {
			isa = PBXGroup;
			children = (
				AD3191782761D41C002BE037 /* main.swift */,
				AD31917B2761D734002BE037 /* input.txt */,
				AD31917A2761D43D002BE037 /* sample.txt */,
			);
			path = Day9;
			sourceTree = "<group>";
		};
		AD99B15D27C550D800FF9F29 /* test */ = {
			isa = PBXGroup;
			children = (
				AD99B15E27C550E500FF9F29 /* main.swift */,
			);
			path = test;
			sourceTree = "<group>";
		};
		ADAF61D92756D3F20027F73C = {
			isa = PBXGroup;
			children = (
				AD99B15D27C550D800FF9F29 /* test */,
				AD3191772761D40F002BE037 /* Day9 */,
				AD319172275EB6BF002BE037 /* Day7 */,
				AD0EE19A275D5BD400744729 /* Day6 */,
				AD059A5E275C09D7007126E7 /* Day5 */,
				ADAF61FA275B7BA50027F73C /* Day4 */,
				ADAF61F5275961620027F73C /* Day3 */,
				ADAF61F02758A88C0027F73C /* Day2 */,
				ADAF61EC2756D4100027F73C /* Day1 */,
				ADAF61FF275B7FA00027F73C /* Shared */,
				ADAF61E32756D3F20027F73C /* Products */,
			);
			sourceTree = "<group>";
		};
		ADAF61E32756D3F20027F73C /* Products */ = {
			isa = PBXGroup;
			children = (
				ADAF61E22756D3F20027F73C /* AdventOfCode2021 */,
			);
			name = Products;
			sourceTree = "<group>";
		};
		ADAF61EC2756D4100027F73C /* Day1 */ = {
			isa = PBXGroup;
			children = (
				ADAF61E52756D3F20027F73C /* main.swift */,
				ADAF61ED2756D4940027F73C /* input.swift */,
			);
			path = Day1;
			sourceTree = "<group>";
		};
		ADAF61F02758A88C0027F73C /* Day2 */ = {
			isa = PBXGroup;
			children = (
				ADAF61F12758A8A90027F73C /* main.swift */,
				ADAF61F32758A8C80027F73C /* input.swift */,
			);
			path = Day2;
			sourceTree = "<group>";
		};
		ADAF61F5275961620027F73C /* Day3 */ = {
			isa = PBXGroup;
			children = (
				ADAF61F62759616D0027F73C /* main.swift */,
				ADAF61F8275961730027F73C /* input.swift */,
			);
			path = Day3;
			sourceTree = "<group>";
		};
		ADAF61FA275B7BA50027F73C /* Day4 */ = {
			isa = PBXGroup;
			children = (
				ADAF61FB275B7BB80027F73C /* main.swift */,
				ADAF61FD275B7BBF0027F73C /* input.swift */,
			);
			path = Day4;
			sourceTree = "<group>";
		};
		ADAF61FF275B7FA00027F73C /* Shared */ = {
			isa = PBXGroup;
			children = (
				ADAF6200275B802E0027F73C /* String+subscript.swift */,
				ADAF6202275B80E20027F73C /* matrix.swift */,
				AD319174275EBA47002BE037 /* getInput.swift */,
			);
			path = Shared;
			sourceTree = "<group>";
		};
/* End PBXGroup section */

/* Begin PBXNativeTarget section */
		ADAF61E12756D3F20027F73C /* AdventOfCode2021 */ = {
			isa = PBXNativeTarget;
			buildConfigurationList = ADAF61E92756D3F20027F73C /* Build configuration list for PBXNativeTarget "AdventOfCode2021" */;
			buildPhases = (
				ADAF61DE2756D3F20027F73C /* Sources */,
				ADAF61DF2756D3F20027F73C /* Frameworks */,
				ADAF61E02756D3F20027F73C /* CopyFiles */,
			);
			buildRules = (
			);
			dependencies = (
			);
			name = AdventOfCode2021;
			packageProductDependencies = (
				AD059A55275BEB9D007126E7 /* Algorithms */,
			);
			productName = AdventOfCode2021;
			productReference = ADAF61E22756D3F20027F73C /* AdventOfCode2021 */;
			productType = "com.apple.product-type.tool";
		};
/* End PBXNativeTarget section */

/* Begin PBXProject section */
		ADAF61DA2756D3F20027F73C /* Project object */ = {
			isa = PBXProject;
			attributes = {
				BuildIndependentTargetsInParallel = 1;
				LastSwiftUpdateCheck = 1300;
				LastUpgradeCheck = 1300;
				TargetAttributes = {
					ADAF61E12756D3F20027F73C = {
						CreatedOnToolsVersion = 13.0;
						LastSwiftMigration = 1300;
					};
				};
			};
			buildConfigurationList = ADAF61DD2756D3F20027F73C /* Build configuration list for PBXProject "AdventOfCode2021" */;
			compatibilityVersion = "Xcode 13.0";
			developmentRegion = en;
			hasScannedForEncodings = 0;
			knownRegions = (
				en,
				Base,
			);
			mainGroup = ADAF61D92756D3F20027F73C;
			packageReferences = (
				AD059A54275BEB9D007126E7 /* XCRemoteSwiftPackageReference "swift-algorithms" */,
			);
			productRefGroup = ADAF61E32756D3F20027F73C /* Products */;
			projectDirPath = "";
			projectRoot = "";
			targets = (
				ADAF61E12756D3F20027F73C /* AdventOfCode2021 */,
			);
		};
/* End PBXProject section */

/* Begin PBXSourcesBuildPhase section */
		ADAF61DE2756D3F20027F73C /* Sources */ = {
			isa = PBXSourcesBuildPhase;
			buildActionMask = 2147483647;
			files = (
				ADAF6203275B80E20027F73C /* matrix.swift in Sources */,
				AD319175275EBA47002BE037 /* getInput.swift in Sources */,
				AD99B15F27C550E500FF9F29 /* main.swift in Sources */,
				ADAF6201275B802E0027F73C /* String+subscript.swift in Sources */,
			);
			runOnlyForDeploymentPostprocessing = 0;
		};
/* End PBXSourcesBuildPhase section */

/* Begin XCBuildConfiguration section */
		ADAF61E72756D3F20027F73C /* Debug */ = {
			isa = XCBuildConfiguration;
			buildSettings = {
				ALWAYS_SEARCH_USER_PATHS = NO;
				CLANG_ANALYZER_NONNULL = YES;
				CLANG_ANALYZER_NUMBER_OBJECT_CONVERSION = YES_AGGRESSIVE;
				CLANG_CXX_LANGUAGE_STANDARD = "gnu++17";
				CLANG_CXX_LIBRARY = "libc++";
				CLANG_ENABLE_MODULES = YES;
				CLANG_ENABLE_OBJC_ARC = YES;
				CLANG_ENABLE_OBJC_WEAK = YES;
				CLANG_WARN_BLOCK_CAPTURE_AUTORELEASING = YES;
				CLANG_WARN_BOOL_CONVERSION = YES;
				CLANG_WARN_COMMA = YES;
				CLANG_WARN_CONSTANT_CONVERSION = YES;
				CLANG_WARN_DEPRECATED_OBJC_IMPLEMENTATIONS = YES;
				CLANG_WARN_DIRECT_OBJC_ISA_USAGE = YES_ERROR;
				CLANG_WARN_DOCUMENTATION_COMMENTS = YES;
				CLANG_WARN_EMPTY_BODY = YES;
				CLANG_WARN_ENUM_CONVERSION = YES;
				CLANG_WARN_INFINITE_RECURSION = YES;
				CLANG_WARN_INT_CONVERSION = YES;
				CLANG_WARN_NON_LITERAL_NULL_CONVERSION = YES;
				CLANG_WARN_OBJC_IMPLICIT_RETAIN_SELF = YES;
				CLANG_WARN_OBJC_LITERAL_CONVERSION = YES;
				CLANG_WARN_OBJC_ROOT_CLASS = YES_ERROR;
				CLANG_WARN_QUOTED_INCLUDE_IN_FRAMEWORK_HEADER = YES;
				CLANG_WARN_RANGE_LOOP_ANALYSIS = YES;
				CLANG_WARN_STRICT_PROTOTYPES = YES;
				CLANG_WARN_SUSPICIOUS_MOVE = YES;
				CLANG_WARN_UNGUARDED_AVAILABILITY = YES_AGGRESSIVE;
				CLANG_WARN_UNREACHABLE_CODE = YES;
				CLANG_WARN__DUPLICATE_METHOD_MATCH = YES;
				COPY_PHASE_STRIP = NO;
				DEBUG_INFORMATION_FORMAT = dwarf;
				ENABLE_STRICT_OBJC_MSGSEND = YES;
				ENABLE_TESTABILITY = YES;
				GCC_C_LANGUAGE_STANDARD = gnu11;
				GCC_DYNAMIC_NO_PIC = NO;
				GCC_NO_COMMON_BLOCKS = YES;
				GCC_OPTIMIZATION_LEVEL = 0;
				GCC_PREPROCESSOR_DEFINITIONS = (
					"DEBUG=1",
					"$(inherited)",
				);
				GCC_WARN_64_TO_32_BIT_CONVERSION = YES;
				GCC_WARN_ABOUT_RETURN_TYPE = YES_ERROR;
				GCC_WARN_UNDECLARED_SELECTOR = YES;
				GCC_WARN_UNINITIALIZED_AUTOS = YES_AGGRESSIVE;
				GCC_WARN_UNUSED_FUNCTION = YES;
				GCC_WARN_UNUSED_VARIABLE = YES;
				MACOSX_DEPLOYMENT_TARGET = 11.3;
				MTL_ENABLE_DEBUG_INFO = INCLUDE_SOURCE;
				MTL_FAST_MATH = YES;
				ONLY_ACTIVE_ARCH = YES;
				SDKROOT = macosx;
				SWIFT_ACTIVE_COMPILATION_CONDITIONS = DEBUG;
				SWIFT_OPTIMIZATION_LEVEL = "-Onone";
			};
			name = Debug;
		};
		ADAF61E82756D3F20027F73C /* Release */ = {
			isa = XCBuildConfiguration;
			buildSettings = {
				ALWAYS_SEARCH_USER_PATHS = NO;
				CLANG_ANALYZER_NONNULL = YES;
				CLANG_ANALYZER_NUMBER_OBJECT_CONVERSION = YES_AGGRESSIVE;
				CLANG_CXX_LANGUAGE_STANDARD = "gnu++17";
				CLANG_CXX_LIBRARY = "libc++";
				CLANG_ENABLE_MODULES = YES;
				CLANG_ENABLE_OBJC_ARC = YES;
				CLANG_ENABLE_OBJC_WEAK = YES;
				CLANG_WARN_BLOCK_CAPTURE_AUTORELEASING = YES;
				CLANG_WARN_BOOL_CONVERSION = YES;
				CLANG_WARN_COMMA = YES;
				CLANG_WARN_CONSTANT_CONVERSION = YES;
				CLANG_WARN_DEPRECATED_OBJC_IMPLEMENTATIONS = YES;
				CLANG_WARN_DIRECT_OBJC_ISA_USAGE = YES_ERROR;
				CLANG_WARN_DOCUMENTATION_COMMENTS = YES;
				CLANG_WARN_EMPTY_BODY = YES;
				CLANG_WARN_ENUM_CONVERSION = YES;
				CLANG_WARN_INFINITE_RECURSION = YES;
				CLANG_WARN_INT_CONVERSION = YES;
				CLANG_WARN_NON_LITERAL_NULL_CONVERSION = YES;
				CLANG_WARN_OBJC_IMPLICIT_RETAIN_SELF = YES;
				CLANG_WARN_OBJC_LITERAL_CONVERSION = YES;
				CLANG_WARN_OBJC_ROOT_CLASS = YES_ERROR;
				CLANG_WARN_QUOTED_INCLUDE_IN_FRAMEWORK_HEADER = YES;
				CLANG_WARN_RANGE_LOOP_ANALYSIS = YES;
				CLANG_WARN_STRICT_PROTOTYPES = YES;
				CLANG_WARN_SUSPICIOUS_MOVE = YES;
				CLANG_WARN_UNGUARDED_AVAILABILITY = YES_AGGRESSIVE;
				CLANG_WARN_UNREACHABLE_CODE = YES;
				CLANG_WARN__DUPLICATE_METHOD_MATCH = YES;
				COPY_PHASE_STRIP = NO;
				DEBUG_INFORMATION_FORMAT = "dwarf-with-dsym";
				ENABLE_NS_ASSERTIONS = NO;
				ENABLE_STRICT_OBJC_MSGSEND = YES;
				GCC_C_LANGUAGE_STANDARD = gnu11;
				GCC_NO_COMMON_BLOCKS = YES;
				GCC_WARN_64_TO_32_BIT_CONVERSION = YES;
				GCC_WARN_ABOUT_RETURN_TYPE = YES_ERROR;
				GCC_WARN_UNDECLARED_SELECTOR = YES;
				GCC_WARN_UNINITIALIZED_AUTOS = YES_AGGRESSIVE;
				GCC_WARN_UNUSED_FUNCTION = YES;
				GCC_WARN_UNUSED_VARIABLE = YES;
				MACOSX_DEPLOYMENT_TARGET = 11.3;
				MTL_ENABLE_DEBUG_INFO = NO;
				MTL_FAST_MATH = YES;
				SDKROOT = macosx;
				SWIFT_COMPILATION_MODE = wholemodule;
				SWIFT_OPTIMIZATION_LEVEL = "-O";
			};
			name = Release;
		};
		ADAF61EA2756D3F20027F73C /* Debug */ = {
			isa = XCBuildConfiguration;
			buildSettings = {
				CLANG_ENABLE_MODULES = YES;
				CODE_SIGN_STYLE = Automatic;
				LD_RUNPATH_SEARCH_PATHS = (
					"$(inherited)",
					"@executable_path/../Frameworks",
					"@loader_path/../Frameworks",
				);
				PRODUCT_NAME = "$(TARGET_NAME)";
				SWIFT_OPTIMIZATION_LEVEL = "-Onone";
				SWIFT_VERSION = 5.0;
			};
			name = Debug;
		};
		ADAF61EB2756D3F20027F73C /* Release */ = {
			isa = XCBuildConfiguration;
			buildSettings = {
				CLANG_ENABLE_MODULES = YES;
				CODE_SIGN_STYLE = Automatic;
				LD_RUNPATH_SEARCH_PATHS = (
					"$(inherited)",
					"@executable_path/../Frameworks",
					"@loader_path/../Frameworks",
				);
				PRODUCT_NAME = "$(TARGET_NAME)";
				SWIFT_VERSION = 5.0;
			};
			name = Release;
		};
/* End XCBuildConfiguration section */

/* Begin XCConfigurationList section */
		ADAF61DD2756D3F20027F73C /* Build configuration list for PBXProject "AdventOfCode2021" */ = {
			isa = XCConfigurationList;
			buildConfigurations = (
				ADAF61E72756D3F20027F73C /* Debug */,
				ADAF61E82756D3F20027F73C /* Release */,
			);
			defaultConfigurationIsVisible = 0;
			defaultConfigurationName = Release;
		};
		ADAF61E92756D3F20027F73C /* Build configuration list for PBXNativeTarget "AdventOfCode2021" */ = {
			isa = XCConfigurationList;
			buildConfigurations = (
				ADAF61EA2756D3F20027F73C /* Debug */,
				ADAF61EB2756D3F20027F73C /* Release */,
			);
			defaultConfigurationIsVisible = 0;
			defaultConfigurationName = Release;
		};
/* End XCConfigurationList section */

/* Begin XCRemoteSwiftPackageReference section */
		AD059A54275BEB9D007126E7 /* XCRemoteSwiftPackageReference "swift-algorithms" */ = {
			isa = XCRemoteSwiftPackageReference;
			repositoryURL = "https://github.com/apple/swift-algorithms.git";
			requirement = {
				kind = upToNextMajorVersion;
				minimumVersion = 1.0.0;
			};
		};
/* End XCRemoteSwiftPackageReference section */

/* Begin XCSwiftPackageProductDependency section */
		AD059A55275BEB9D007126E7 /* Algorithms */ = {
			isa = XCSwiftPackageProductDependency;
			package = AD059A54275BEB9D007126E7 /* XCRemoteSwiftPackageReference "swift-algorithms" */;
			productName = Algorithms;
		};
/* End XCSwiftPackageProductDependency section */
	};
	rootObject = ADAF61DA2756D3F20027F73C /* Project object */;
}
